
Microsoft Visual Studio Solution File, Format Version 12.00
# Visual Studio Version 17
VisualStudioVersion = 17.5.002.0
MinimumVisualStudioVersion = 10.0.40219.1
Project("{9A19103F-16F7-4668-BE54-9A1E7A4F7556}") = "DesafioPOO", "DesafioPOO.csproj", "{FBD101DD-3BD8-442B-A2B4-B7AA0BAEE36A}"
EndProject
Global
	GlobalSection(SolutionConfigurationPlatforms) = preSolution
		Debug|Any CPU = Debug|Any CPU
		Release|Any CPU = Release|Any CPU
	EndGlobalSection
	GlobalSection(ProjectConfigurationPlatforms) = postSolution
		{FBD101DD-3BD8-442B-A2B4-B7AA0BAEE36A}.Debug|Any CPU.ActiveCfg = Debug|Any CPU
		{FBD101DD-3BD8-442B-A2B4-B7AA0BAEE36A}.Debug|Any CPU.Build.0 = Debug|Any CPU
		{FBD101DD-3BD8-442B-A2B4-B7AA0BAEE36A}.Release|Any CPU.ActiveCfg = Release|Any CPU
		{FBD101DD-3BD8-442B-A2B4-B7AA0BAEE36A}.Release|Any CPU.Build.0 = Release|Any CPU
	EndGlobalSection
	GlobalSection(SolutionProperties) = preSolution
		HideSolutionNode = FALSE
	EndGlobalSection
	GlobalSection(ExtensibilityGlobals) = postSolution
		SolutionGuid = {2ACCC4CD-8C30-40C5-8098-2EC92CC565A8}
	EndGlobalSection
EndGlobal
